
Microsoft Visual Studio Solution File, Format Version 12.00
# Visual Studio Version 16
VisualStudioVersion = 16.0.30621.155
MinimumVisualStudioVersion = 10.0.40219.1
Project("{FAE04EC0-301F-11D3-BF4B-00C04F79EFBC}") = "Digital nomads", "Digital nomads\Digital nomads.csproj", "{B316D821-34E5-4927-AAFE-828E231CC334}"
EndProject
Global
	GlobalSection(SolutionConfigurationPlatforms) = preSolution
		Debug|Any CPU = Debug|Any CPU
		Release|Any CPU = Release|Any CPU
	EndGlobalSection
	GlobalSection(ProjectConfigurationPlatforms) = postSolution
		{B316D821-34E5-4927-AAFE-828E231CC334}.Debug|Any CPU.ActiveCfg = Debug|Any CPU
		{B316D821-34E5-4927-AAFE-828E231CC334}.Debug|Any CPU.Build.0 = Debug|Any CPU
		{B316D821-34E5-4927-AAFE-828E231CC334}.Release|Any CPU.ActiveCfg = Release|Any CPU
		{B316D821-34E5-4927-AAFE-828E231CC334}.Release|Any CPU.Build.0 = Release|Any CPU
	EndGlobalSection
	GlobalSection(SolutionProperties) = preSolution
		HideSolutionNode = FALSE
	EndGlobalSection
	GlobalSection(ExtensibilityGlobals) = postSolution
		SolutionGuid = {7DDAC94E-9BB1-4535-8DF8-16D5C52A0C84}
	EndGlobalSection
EndGlobal
